{
  "name": "vuex-form",
  "version": "0.1.0",
  "lockfileVersion": 1,
  "requires": true,
  "dependencies": {
    "element-theme-chalk": {
      "version": "2.4.11",
      "resolved": "https://registry.npmjs.org/element-theme-chalk/-/element-theme-chalk-2.4.11.tgz",
      "integrity": "sha512-45NObeTZuHXFfR1a9eW1L8dADpPyVA143kcJtX8Jx5dGUR5kcolxit6y8n/9RKiTnPQBV4elilCih95rIhHTbg==",
      "dev": true
    }
  }
}
